
Microsoft Visual Studio Solution File, Format Version 12.00
# Visual Studio Version 17
VisualStudioVersion = 17.9.34728.123
MinimumVisualStudioVersion = 10.0.40219.1
Project("{FAE04EC0-301F-11D3-BF4B-00C04F79EFBC}") = "rehber-PostgreSQL", "rehber-PostgreSQL\rehber-PostgreSQL.csproj", "{9627E507-9A9D-40A9-943C-13E0C959AC1A}"
EndProject
Global
	GlobalSection(SolutionConfigurationPlatforms) = preSolution
		Debug|Any CPU = Debug|Any CPU
		Release|Any CPU = Release|Any CPU
	EndGlobalSection
	GlobalSection(ProjectConfigurationPlatforms) = postSolution
		{9627E507-9A9D-40A9-943C-13E0C959AC1A}.Debug|Any CPU.ActiveCfg = Debug|Any CPU
		{9627E507-9A9D-40A9-943C-13E0C959AC1A}.Debug|Any CPU.Build.0 = Debug|Any CPU
		{9627E507-9A9D-40A9-943C-13E0C959AC1A}.Release|Any CPU.ActiveCfg = Release|Any CPU
		{9627E507-9A9D-40A9-943C-13E0C959AC1A}.Release|Any CPU.Build.0 = Release|Any CPU
	EndGlobalSection
	GlobalSection(SolutionProperties) = preSolution
		HideSolutionNode = FALSE
	EndGlobalSection
	GlobalSection(ExtensibilityGlobals) = postSolution
		SolutionGuid = {7E332AFB-E049-4C80-862F-482D1253B90C}
	EndGlobalSection
EndGlobal
